
Microsoft Visual Studio Solution File, Format Version 12.00
# Visual Studio 14
VisualStudioVersion = 14.0.25420.1
MinimumVisualStudioVersion = 10.0.40219.1
Project("{8BC9CEB8-8B4A-11D0-8D11-00A0C91BC942}") = "SPlate", "SPlate\SPlate.vcxproj", "{FB75514E-D012-4ABF-B8A4-A6BDFAE7D200}"
EndProject
Project("{FAE04EC0-301F-11D3-BF4B-00C04F79EFBC}") = "SPManager", "SPManager\SPManager.csproj", "{5484BE04-B3E3-4B09-8D3C-2A9A398DAC79}"
EndProject
Project("{8BC9CEB8-8B4A-11D0-8D11-00A0C91BC942}") = "HCNetSDK", "HCNetSDK\HCNetSDK.vcxproj", "{139F6D8A-D1DF-48D1-9936-0A0C7C57F589}"
EndProject
Project("{FAE04EC0-301F-11D3-BF4B-00C04F79EFBC}") = "DIT_Demo", "DIT_Demo\DIT_Demo.csproj", "{FF3EE0E2-2BF4-4942-A815-D9F3DB19DBD5}"
EndProject
Project("{FAE04EC0-301F-11D3-BF4B-00C04F79EFBC}") = "ParamSet", "ParamSet\ParamSet.csproj", "{B85642F6-A204-48AC-A41B-AFCE3DD1FA40}"
EndProject
Project("{FAE04EC0-301F-11D3-BF4B-00C04F79EFBC}") = "DIT_Server", "DIT_Server\DIT_Server.csproj", "{202F1013-ACD5-4A88-A4D6-D6C09D41E893}"
EndProject
Global
	GlobalSection(SolutionConfigurationPlatforms) = preSolution
		Debug|Any CPU = Debug|Any CPU
		Debug|x64 = Debug|x64
		Debug|x86 = Debug|x86
		Release|Any CPU = Release|Any CPU
		Release|x64 = Release|x64
		Release|x86 = Release|x86
	EndGlobalSection
	GlobalSection(ProjectConfigurationPlatforms) = postSolution
		{FB75514E-D012-4ABF-B8A4-A6BDFAE7D200}.Debug|Any CPU.ActiveCfg = Debug|Win32
		{FB75514E-D012-4ABF-B8A4-A6BDFAE7D200}.Debug|x64.ActiveCfg = Debug|x64
		{FB75514E-D012-4ABF-B8A4-A6BDFAE7D200}.Debug|x64.Build.0 = Debug|x64
		{FB75514E-D012-4ABF-B8A4-A6BDFAE7D200}.Debug|x86.ActiveCfg = Debug|Win32
		{FB75514E-D012-4ABF-B8A4-A6BDFAE7D200}.Debug|x86.Build.0 = Debug|Win32
		{FB75514E-D012-4ABF-B8A4-A6BDFAE7D200}.Release|Any CPU.ActiveCfg = Release|Win32
		{FB75514E-D012-4ABF-B8A4-A6BDFAE7D200}.Release|x64.ActiveCfg = Release|x64
		{FB75514E-D012-4ABF-B8A4-A6BDFAE7D200}.Release|x64.Build.0 = Release|x64
		{FB75514E-D012-4ABF-B8A4-A6BDFAE7D200}.Release|x86.ActiveCfg = Release|Win32
		{FB75514E-D012-4ABF-B8A4-A6BDFAE7D200}.Release|x86.Build.0 = Release|Win32
		{5484BE04-B3E3-4B09-8D3C-2A9A398DAC79}.Debug|Any CPU.ActiveCfg = Debug|Any CPU
		{5484BE04-B3E3-4B09-8D3C-2A9A398DAC79}.Debug|Any CPU.Build.0 = Debug|Any CPU
		{5484BE04-B3E3-4B09-8D3C-2A9A398DAC79}.Debug|x64.ActiveCfg = Debug|Any CPU
		{5484BE04-B3E3-4B09-8D3C-2A9A398DAC79}.Debug|x64.Build.0 = Debug|Any CPU
		{5484BE04-B3E3-4B09-8D3C-2A9A398DAC79}.Debug|x86.ActiveCfg = Debug|Any CPU
		{5484BE04-B3E3-4B09-8D3C-2A9A398DAC79}.Debug|x86.Build.0 = Debug|Any CPU
		{5484BE04-B3E3-4B09-8D3C-2A9A398DAC79}.Release|Any CPU.ActiveCfg = Release|Any CPU
		{5484BE04-B3E3-4B09-8D3C-2A9A398DAC79}.Release|Any CPU.Build.0 = Release|Any CPU
		{5484BE04-B3E3-4B09-8D3C-2A9A398DAC79}.Release|x64.ActiveCfg = Release|Any CPU
		{5484BE04-B3E3-4B09-8D3C-2A9A398DAC79}.Release|x64.Build.0 = Release|Any CPU
		{5484BE04-B3E3-4B09-8D3C-2A9A398DAC79}.Release|x86.ActiveCfg = Release|Any CPU
		{5484BE04-B3E3-4B09-8D3C-2A9A398DAC79}.Release|x86.Build.0 = Release|Any CPU
		{139F6D8A-D1DF-48D1-9936-0A0C7C57F589}.Debug|Any CPU.ActiveCfg = Debug|Win32
		{139F6D8A-D1DF-48D1-9936-0A0C7C57F589}.Debug|x64.ActiveCfg = Debug|x64
		{139F6D8A-D1DF-48D1-9936-0A0C7C57F589}.Debug|x64.Build.0 = Debug|x64
		{139F6D8A-D1DF-48D1-9936-0A0C7C57F589}.Debug|x86.ActiveCfg = Debug|Win32
		{139F6D8A-D1DF-48D1-9936-0A0C7C57F589}.Debug|x86.Build.0 = Debug|Win32
		{139F6D8A-D1DF-48D1-9936-0A0C7C57F589}.Release|Any CPU.ActiveCfg = Release|Win32
		{139F6D8A-D1DF-48D1-9936-0A0C7C57F589}.Release|x64.ActiveCfg = Release|x64
		{139F6D8A-D1DF-48D1-9936-0A0C7C57F589}.Release|x64.Build.0 = Release|x64
		{139F6D8A-D1DF-48D1-9936-0A0C7C57F589}.Release|x86.ActiveCfg = Release|Win32
		{139F6D8A-D1DF-48D1-9936-0A0C7C57F589}.Release|x86.Build.0 = Release|Win32
		{FF3EE0E2-2BF4-4942-A815-D9F3DB19DBD5}.Debug|Any CPU.ActiveCfg = Debug|Any CPU
		{FF3EE0E2-2BF4-4942-A815-D9F3DB19DBD5}.Debug|Any CPU.Build.0 = Debug|Any CPU
		{FF3EE0E2-2BF4-4942-A815-D9F3DB19DBD5}.Debug|x64.ActiveCfg = Debug|Any CPU
		{FF3EE0E2-2BF4-4942-A815-D9F3DB19DBD5}.Debug|x64.Build.0 = Debug|Any CPU
		{FF3EE0E2-2BF4-4942-A815-D9F3DB19DBD5}.Debug|x86.ActiveCfg = Debug|Any CPU
		{FF3EE0E2-2BF4-4942-A815-D9F3DB19DBD5}.Debug|x86.Build.0 = Debug|Any CPU
		{FF3EE0E2-2BF4-4942-A815-D9F3DB19DBD5}.Release|Any CPU.ActiveCfg = Release|Any CPU
		{FF3EE0E2-2BF4-4942-A815-D9F3DB19DBD5}.Release|Any CPU.Build.0 = Release|Any CPU
		{FF3EE0E2-2BF4-4942-A815-D9F3DB19DBD5}.Release|x64.ActiveCfg = Release|Any CPU
		{FF3EE0E2-2BF4-4942-A815-D9F3DB19DBD5}.Release|x64.Build.0 = Release|Any CPU
		{FF3EE0E2-2BF4-4942-A815-D9F3DB19DBD5}.Release|x86.ActiveCfg = Release|Any CPU
		{FF3EE0E2-2BF4-4942-A815-D9F3DB19DBD5}.Release|x86.Build.0 = Release|Any CPU
		{B85642F6-A204-48AC-A41B-AFCE3DD1FA40}.Debug|Any CPU.ActiveCfg = Debug|Any CPU
		{B85642F6-A204-48AC-A41B-AFCE3DD1FA40}.Debug|Any CPU.Build.0 = Debug|Any CPU
		{B85642F6-A204-48AC-A41B-AFCE3DD1FA40}.Debug|x64.ActiveCfg = Debug|Any CPU
		{B85642F6-A204-48AC-A41B-AFCE3DD1FA40}.Debug|x64.Build.0 = Debug|Any CPU
		{B85642F6-A204-48AC-A41B-AFCE3DD1FA40}.Debug|x86.ActiveCfg = Debug|Any CPU
		{B85642F6-A204-48AC-A41B-AFCE3DD1FA40}.Debug|x86.Build.0 = Debug|Any CPU
		{B85642F6-A204-48AC-A41B-AFCE3DD1FA40}.Release|Any CPU.ActiveCfg = Release|Any CPU
		{B85642F6-A204-48AC-A41B-AFCE3DD1FA40}.Release|Any CPU.Build.0 = Release|Any CPU
		{B85642F6-A204-48AC-A41B-AFCE3DD1FA40}.Release|x64.ActiveCfg = Release|Any CPU
		{B85642F6-A204-48AC-A41B-AFCE3DD1FA40}.Release|x64.Build.0 = Release|Any CPU
		{B85642F6-A204-48AC-A41B-AFCE3DD1FA40}.Release|x86.ActiveCfg = Release|Any CPU
		{B85642F6-A204-48AC-A41B-AFCE3DD1FA40}.Release|x86.Build.0 = Release|Any CPU
		{202F1013-ACD5-4A88-A4D6-D6C09D41E893}.Debug|Any CPU.ActiveCfg = Debug|Any CPU
		{202F1013-ACD5-4A88-A4D6-D6C09D41E893}.Debug|Any CPU.Build.0 = Debug|Any CPU
		{202F1013-ACD5-4A88-A4D6-D6C09D41E893}.Debug|x64.ActiveCfg = Debug|Any CPU
		{202F1013-ACD5-4A88-A4D6-D6C09D41E893}.Debug|x64.Build.0 = Debug|Any CPU
		{202F1013-ACD5-4A88-A4D6-D6C09D41E893}.Debug|x86.ActiveCfg = Debug|Any CPU
		{202F1013-ACD5-4A88-A4D6-D6C09D41E893}.Debug|x86.Build.0 = Debug|Any CPU
		{202F1013-ACD5-4A88-A4D6-D6C09D41E893}.Release|Any CPU.ActiveCfg = Release|Any CPU
		{202F1013-ACD5-4A88-A4D6-D6C09D41E893}.Release|Any CPU.Build.0 = Release|Any CPU
		{202F1013-ACD5-4A88-A4D6-D6C09D41E893}.Release|x64.ActiveCfg = Release|Any CPU
		{202F1013-ACD5-4A88-A4D6-D6C09D41E893}.Release|x64.Build.0 = Release|Any CPU
		{202F1013-ACD5-4A88-A4D6-D6C09D41E893}.Release|x86.ActiveCfg = Release|Any CPU
		{202F1013-ACD5-4A88-A4D6-D6C09D41E893}.Release|x86.Build.0 = Release|Any CPU
	EndGlobalSection
	GlobalSection(SolutionProperties) = preSolution
		HideSolutionNode = FALSE
	EndGlobalSection
EndGlobal
